
Microsoft Visual Studio Solution File, Format Version 12.00
# Visual Studio Version 16
VisualStudioVersion = 16.0.29920.165
MinimumVisualStudioVersion = 10.0.40219.1
Project("{9A19103F-16F7-4668-BE54-9A1E7A4F7556}") = "Xuesky.Common.ClassLibary", "Xuesky.Common.ClassLibary\Xuesky.Common.ClassLibary.csproj", "{E6AC5523-7A01-4FB5-896C-9B971FE3F48D}"
EndProject
Project("{9A19103F-16F7-4668-BE54-9A1E7A4F7556}") = "Xuesky.Common.Service", "Xuesky.Common.Service\Xuesky.Common.Service.csproj", "{C7CBFCAF-6E9D-41F6-B43A-15CEB978DF2B}"
EndProject
Project("{9A19103F-16F7-4668-BE54-9A1E7A4F7556}") = "Xuesky.Common.Web", "Xuesky.Common.Web\Xuesky.Common.Web.csproj", "{DD55C186-9304-4D1F-A5E4-2FA109AF9CE4}"
EndProject
Project("{9A19103F-16F7-4668-BE54-9A1E7A4F7556}") = "Xuesky.Common.DataAccess", "Xuesky.Common.DataAccess\Xuesky.Common.DataAccess.csproj", "{14B24628-0429-4836-B3CD-587B2262FF69}"
EndProject
Project("{FAE04EC0-301F-11D3-BF4B-00C04F79EFBC}") = "Xuesky.Common.Test", "Xuesky.Common.Test\Xuesky.Common.Test.csproj", "{8C944FFF-EE31-406A-B2F8-E74753A8DAD4}"
EndProject
Global
	GlobalSection(SolutionConfigurationPlatforms) = preSolution
		Debug|Any CPU = Debug|Any CPU
		Release|Any CPU = Release|Any CPU
	EndGlobalSection
	GlobalSection(ProjectConfigurationPlatforms) = postSolution
		{E6AC5523-7A01-4FB5-896C-9B971FE3F48D}.Debug|Any CPU.ActiveCfg = Debug|Any CPU
		{E6AC5523-7A01-4FB5-896C-9B971FE3F48D}.Debug|Any CPU.Build.0 = Debug|Any CPU
		{E6AC5523-7A01-4FB5-896C-9B971FE3F48D}.Release|Any CPU.ActiveCfg = Release|Any CPU
		{E6AC5523-7A01-4FB5-896C-9B971FE3F48D}.Release|Any CPU.Build.0 = Release|Any CPU
		{C7CBFCAF-6E9D-41F6-B43A-15CEB978DF2B}.Debug|Any CPU.ActiveCfg = Debug|Any CPU
		{C7CBFCAF-6E9D-41F6-B43A-15CEB978DF2B}.Debug|Any CPU.Build.0 = Debug|Any CPU
		{C7CBFCAF-6E9D-41F6-B43A-15CEB978DF2B}.Release|Any CPU.ActiveCfg = Release|Any CPU
		{C7CBFCAF-6E9D-41F6-B43A-15CEB978DF2B}.Release|Any CPU.Build.0 = Release|Any CPU
		{DD55C186-9304-4D1F-A5E4-2FA109AF9CE4}.Debug|Any CPU.ActiveCfg = Debug|Any CPU
		{DD55C186-9304-4D1F-A5E4-2FA109AF9CE4}.Debug|Any CPU.Build.0 = Debug|Any CPU
		{DD55C186-9304-4D1F-A5E4-2FA109AF9CE4}.Release|Any CPU.ActiveCfg = Release|Any CPU
		{DD55C186-9304-4D1F-A5E4-2FA109AF9CE4}.Release|Any CPU.Build.0 = Release|Any CPU
		{14B24628-0429-4836-B3CD-587B2262FF69}.Debug|Any CPU.ActiveCfg = Debug|Any CPU
		{14B24628-0429-4836-B3CD-587B2262FF69}.Debug|Any CPU.Build.0 = Debug|Any CPU
		{14B24628-0429-4836-B3CD-587B2262FF69}.Release|Any CPU.ActiveCfg = Release|Any CPU
		{14B24628-0429-4836-B3CD-587B2262FF69}.Release|Any CPU.Build.0 = Release|Any CPU
		{8C944FFF-EE31-406A-B2F8-E74753A8DAD4}.Debug|Any CPU.ActiveCfg = Debug|Any CPU
		{8C944FFF-EE31-406A-B2F8-E74753A8DAD4}.Debug|Any CPU.Build.0 = Debug|Any CPU
		{8C944FFF-EE31-406A-B2F8-E74753A8DAD4}.Release|Any CPU.ActiveCfg = Release|Any CPU
		{8C944FFF-EE31-406A-B2F8-E74753A8DAD4}.Release|Any CPU.Build.0 = Release|Any CPU
	EndGlobalSection
	GlobalSection(SolutionProperties) = preSolution
		HideSolutionNode = FALSE
	EndGlobalSection
	GlobalSection(ExtensibilityGlobals) = postSolution
		SolutionGuid = {C2EF3C1C-1919-4352-835D-D70F2236E573}
	EndGlobalSection
EndGlobal
